
Microsoft Visual Studio Solution File, Format Version 12.00
# Visual Studio Version 17
VisualStudioVersion = 17.4.33205.214
MinimumVisualStudioVersion = 10.0.40219.1
Project("{9A19103F-16F7-4668-BE54-9A1E7A4F7556}") = "API", "API\API.csproj", "{12A2B54E-300B-44E2-B9C4-53AF9FF42AE4}"
EndProject
Project("{9A19103F-16F7-4668-BE54-9A1E7A4F7556}") = "Domain", "Domain\Domain.csproj", "{FDD65DD4-6C78-4938-9162-B6CB1A580D33}"
EndProject
Project("{9A19103F-16F7-4668-BE54-9A1E7A4F7556}") = "Infrastructure", "Infrastructure\Infrastructure.csproj", "{69E55BC0-C40A-4365-89B7-35F985BE35FC}"
EndProject
Project("{9A19103F-16F7-4668-BE54-9A1E7A4F7556}") = "Features", "Features\Features.csproj", "{99BDF342-D1AE-4F79-BDE1-6E8DCC36A7A0}"
EndProject
Project("{9A19103F-16F7-4668-BE54-9A1E7A4F7556}") = "Contracts", "Contracts\Contracts.csproj", "{CF7FC6A8-AD8F-406A-A5A7-BD07096C3515}"
EndProject
Project("{9A19103F-16F7-4668-BE54-9A1E7A4F7556}") = "API.DI", "API.DI\API.DI.csproj", "{B0E0CC33-91CB-4254-B5A6-EC45550DDAA4}"
EndProject
Project("{9A19103F-16F7-4668-BE54-9A1E7A4F7556}") = "Shared", "Shared\Shared.csproj", "{F4F23769-C263-4DDB-80B1-240B81E9DCA5}"
EndProject
Global
	GlobalSection(SolutionConfigurationPlatforms) = preSolution
		Debug|Any CPU = Debug|Any CPU
		Release|Any CPU = Release|Any CPU
	EndGlobalSection
	GlobalSection(ProjectConfigurationPlatforms) = postSolution
		{12A2B54E-300B-44E2-B9C4-53AF9FF42AE4}.Debug|Any CPU.ActiveCfg = Debug|Any CPU
		{12A2B54E-300B-44E2-B9C4-53AF9FF42AE4}.Debug|Any CPU.Build.0 = Debug|Any CPU
		{12A2B54E-300B-44E2-B9C4-53AF9FF42AE4}.Release|Any CPU.ActiveCfg = Release|Any CPU
		{12A2B54E-300B-44E2-B9C4-53AF9FF42AE4}.Release|Any CPU.Build.0 = Release|Any CPU
		{FDD65DD4-6C78-4938-9162-B6CB1A580D33}.Debug|Any CPU.ActiveCfg = Debug|Any CPU
		{FDD65DD4-6C78-4938-9162-B6CB1A580D33}.Debug|Any CPU.Build.0 = Debug|Any CPU
		{FDD65DD4-6C78-4938-9162-B6CB1A580D33}.Release|Any CPU.ActiveCfg = Release|Any CPU
		{FDD65DD4-6C78-4938-9162-B6CB1A580D33}.Release|Any CPU.Build.0 = Release|Any CPU
		{69E55BC0-C40A-4365-89B7-35F985BE35FC}.Debug|Any CPU.ActiveCfg = Debug|Any CPU
		{69E55BC0-C40A-4365-89B7-35F985BE35FC}.Debug|Any CPU.Build.0 = Debug|Any CPU
		{69E55BC0-C40A-4365-89B7-35F985BE35FC}.Release|Any CPU.ActiveCfg = Release|Any CPU
		{69E55BC0-C40A-4365-89B7-35F985BE35FC}.Release|Any CPU.Build.0 = Release|Any CPU
		{99BDF342-D1AE-4F79-BDE1-6E8DCC36A7A0}.Debug|Any CPU.ActiveCfg = Debug|Any CPU
		{99BDF342-D1AE-4F79-BDE1-6E8DCC36A7A0}.Debug|Any CPU.Build.0 = Debug|Any CPU
		{99BDF342-D1AE-4F79-BDE1-6E8DCC36A7A0}.Release|Any CPU.ActiveCfg = Release|Any CPU
		{99BDF342-D1AE-4F79-BDE1-6E8DCC36A7A0}.Release|Any CPU.Build.0 = Release|Any CPU
		{CF7FC6A8-AD8F-406A-A5A7-BD07096C3515}.Debug|Any CPU.ActiveCfg = Debug|Any CPU
		{CF7FC6A8-AD8F-406A-A5A7-BD07096C3515}.Debug|Any CPU.Build.0 = Debug|Any CPU
		{CF7FC6A8-AD8F-406A-A5A7-BD07096C3515}.Release|Any CPU.ActiveCfg = Release|Any CPU
		{CF7FC6A8-AD8F-406A-A5A7-BD07096C3515}.Release|Any CPU.Build.0 = Release|Any CPU
		{B0E0CC33-91CB-4254-B5A6-EC45550DDAA4}.Debug|Any CPU.ActiveCfg = Debug|Any CPU
		{B0E0CC33-91CB-4254-B5A6-EC45550DDAA4}.Debug|Any CPU.Build.0 = Debug|Any CPU
		{B0E0CC33-91CB-4254-B5A6-EC45550DDAA4}.Release|Any CPU.ActiveCfg = Release|Any CPU
		{B0E0CC33-91CB-4254-B5A6-EC45550DDAA4}.Release|Any CPU.Build.0 = Release|Any CPU
		{F4F23769-C263-4DDB-80B1-240B81E9DCA5}.Debug|Any CPU.ActiveCfg = Debug|Any CPU
		{F4F23769-C263-4DDB-80B1-240B81E9DCA5}.Debug|Any CPU.Build.0 = Debug|Any CPU
		{F4F23769-C263-4DDB-80B1-240B81E9DCA5}.Release|Any CPU.ActiveCfg = Release|Any CPU
		{F4F23769-C263-4DDB-80B1-240B81E9DCA5}.Release|Any CPU.Build.0 = Release|Any CPU
	EndGlobalSection
	GlobalSection(SolutionProperties) = preSolution
		HideSolutionNode = FALSE
	EndGlobalSection
	GlobalSection(ExtensibilityGlobals) = postSolution
		SolutionGuid = {FACF9382-4085-4678-9FFC-92EAF2B749C3}
	EndGlobalSection
EndGlobal
